github.com/line/line-bot-sdk-go v4.2.1-0.20181130072210-f1e37ce560f1+incompatible h1:3quwnQsHXbfZx06nF5UiPHH/FyaOYvIHahLFUTJeO9U=
github.com/line/line-bot-sdk-go v4.2.1-0.20181130072210-f1e37ce560f1+incompatible/go.mod h1:0RjLjJEAU/3GIcHkC3av6O4jInAbt25nnZVmOFUgDBg=
golang.org/x/net v0.0.0-20161109213706-9ef22118a4b2/go.mod h1:mL1N/T3taQHkDXs73rZJwtUhF3w3ftmwwsq0BUmARs4=
